
Microsoft Visual Studio Solution File, Format Version 12.00
# Visual Studio Version 17
VisualStudioVersion = 17.7.34031.279
MinimumVisualStudioVersion = 10.0.40219.1
Project("{888888A0-9F3D-457C-B088-3A5042F75D52}") = "SpeedrunData", "SpeedrunData.pyproj", "{67FB0FB6-BFC3-4107-BF8F-497FDEBFA939}"
EndProject
Global
	GlobalSection(SolutionConfigurationPlatforms) = preSolution
		Debug|Any CPU = Debug|Any CPU
		Release|Any CPU = Release|Any CPU
	EndGlobalSection
	GlobalSection(ProjectConfigurationPlatforms) = postSolution
		{67FB0FB6-BFC3-4107-BF8F-497FDEBFA939}.Debug|Any CPU.ActiveCfg = Debug|Any CPU
		{67FB0FB6-BFC3-4107-BF8F-497FDEBFA939}.Release|Any CPU.ActiveCfg = Release|Any CPU
	EndGlobalSection
	GlobalSection(SolutionProperties) = preSolution
		HideSolutionNode = FALSE
	EndGlobalSection
	GlobalSection(ExtensibilityGlobals) = postSolution
		SolutionGuid = {BC89179A-B567-4714-A8BA-039F95608B15}
	EndGlobalSection
EndGlobal
